lockfileVersion: '9.0'

settings:
  autoInstallPeers: true
  excludeLinksFromLockfile: false

importers:

  .:
    dependencies:
      h3-js:
        specifier: ^3.7.2
        version: 3.7.2
    devDependencies:
      dart_js_facade_gen:
        specifier: ^0.0.7
        version: 0.0.7

packages:

  '@types/chai@4.3.20':
    resolution: {integrity: sha512-/pC9HAB5I/xMlc5FP77qjCnI16ChlJfW0tGa0IUcFn38VJrTV6DeZ60NU5KZBtaOZqjdpwTWohz5HU1RrhiYxQ==}

  '@types/fs-extra@8.1.5':
    resolution: {integrity: sha512-0dzKcwO+S8s2kuF5Z9oUWatQJj5Uq/iqphEtE3GQJVRRYm/tD1LglU2UnXi2A8jLq5umkGouOXOR9y0n613ZwQ==}

  '@types/minimist@1.2.5':
    resolution: {integrity: sha512-hov8bUuiLiyFPGyFPE1lwWhmzYbirOXQNNo40+y3zow8aFVTeyn3VWL0VFFfdNddA8S4Vf0Tc062rzyNr7Paag==}

  '@types/mocha@5.2.7':
    resolution: {integrity: sha512-NYrtPht0wGzhwe9+/idPaBB+TqkY9AhTvOLMkThm0IoEfLaiVQZwBwyJ5puCkO3AUCWrmcoePjp2mbFocKy4SQ==}

  '@types/node@12.20.55':
    resolution: {integrity: sha512-J8xLz7q2OFulZ2cyGTLE1TbbZcjpno7FaN6zdJNrgAdrJ+DZzh/uFR6YrTb4C+nXakvud8Q4+rbhoIWlYQbUFQ==}

  '@types/source-map-support@0.5.10':
    resolution: {integrity: sha512-tgVP2H469x9zq34Z0m/fgPewGhg/MLClalNOiPIzQlXrSS2YrKu/xCdSCKnEDwkFha51VKEKB6A9wW26/ZNwzA==}

  '@types/source-map@0.5.7':
    resolution: {integrity: sha512-LrnsgZIfJaysFkv9rRJp4/uAyqw87oVed3s1hhF83nwbo9c7MG9g5DqR0seHP+lkX4ldmMrVolPjQSe2ZfD0yA==}
    deprecated: This is a stub types definition for source-map (https://github.com/mozilla/source-map). source-map provides its own type definitions, so you don't need @types/source-map installed!

  buffer-from@1.1.2:
    resolution: {integrity: sha512-E+XQCRwSbaaiChtv6k6Dwgc+bx+Bs6vuKJHHl5kox/BaKbhiXzqQOwK4cO22yElGp2OCmjwVhT3HmxgyPGnJfQ==}

  dart-style@1.3.2-dev:
    resolution: {integrity: sha512-NFI4UQYvG32t/cEkQAdkXT2ZT72tjF61tMWoALmnGwj03d2Co94zwGfbnFfdQUQvrhUNx8Wz2jKSVxGrmFaVJQ==}

  dart_js_facade_gen@0.0.7:
    resolution: {integrity: sha512-AZiWsccbzhgJWmBjbFTPuvBhwGXk7AN8nOP91/I8PqUfSvVALiWshDc66TvywNkdNogAE5X8zlxjodw1C3iHpA==}
    deprecated: Package no longer supported. Contact Support at https://www.npmjs.com/support for more info.
    hasBin: true

  h3-js@3.7.2:
    resolution: {integrity: sha512-LPjlHSwB9zQZrMqKloCZmmmt3yZzIK7nqPcXqwU93zT3TtYG6jP4tZBzAPouxut7lLjdFbMQ75wRBiKfpsnY7w==}
    engines: {node: '>=4', npm: '>=3', yarn: '>=1.3.0'}

  minimist@1.2.8:
    resolution: {integrity: sha512-2yyAR8qBkN3YuheJanUpWC5U3bb5osDywNB8RzDVlDwDHbocAJveqqj1u8+SVD7jkWT4yvsHCpWqqWqAxb0zCA==}

  source-map-support@0.5.21:
    resolution: {integrity: sha512-uBHU3L3czsIyYXKX88fdrGovxdSCoTGDRZ6SYXtSRxLZUzHg5P/66Ht6uoUlHu9EZod+inXhKo3qQgwXUT/y1w==}

  source-map@0.6.1:
    resolution: {integrity: sha512-UjgapumWlbMhkBgzT7Ykc5YXUT46F0iKu8SGXq0bcwP5dz/h0Plj6enJqjz1Zbq2l5WaqYnrVbwWOWMyF3F47g==}
    engines: {node: '>=0.10.0'}

  source-map@0.7.4:
    resolution: {integrity: sha512-l3BikUxvPOcn5E74dZiq5BGsTb5yEwhaTSzccU6t4sDOH8NWJCstKO5QT2CvtFoK6F0saL7p9xHAqHOlCPJygA==}
    engines: {node: '>= 8'}

  typescript@3.9.10:
    resolution: {integrity: sha512-w6fIxVE/H1PkLKcCPsFqKE7Kv7QUwhU8qQY2MueZXWx5cPZdwFupLgKK3vntcK98BtNHZtAF4LA/yl2a7k8R6Q==}
    engines: {node: '>=4.2.0'}
    hasBin: true

snapshots:

  '@types/chai@4.3.20': {}

  '@types/fs-extra@8.1.5':
    dependencies:
      '@types/node': 12.20.55

  '@types/minimist@1.2.5': {}

  '@types/mocha@5.2.7': {}

  '@types/node@12.20.55': {}

  '@types/source-map-support@0.5.10':
    dependencies:
      source-map: 0.6.1

  '@types/source-map@0.5.7':
    dependencies:
      source-map: 0.7.4

  buffer-from@1.1.2: {}

  dart-style@1.3.2-dev: {}

  dart_js_facade_gen@0.0.7:
    dependencies:
      '@types/chai': 4.3.20
      '@types/fs-extra': 8.1.5
      '@types/minimist': 1.2.5
      '@types/mocha': 5.2.7
      '@types/node': 12.20.55
      '@types/source-map': 0.5.7
      '@types/source-map-support': 0.5.10
      dart-style: 1.3.2-dev
      minimist: 1.2.8
      source-map: 0.7.4
      source-map-support: 0.5.21
      typescript: 3.9.10

  h3-js@3.7.2: {}

  minimist@1.2.8: {}

  source-map-support@0.5.21:
    dependencies:
      buffer-from: 1.1.2
      source-map: 0.6.1

  source-map@0.6.1: {}

  source-map@0.7.4: {}

  typescript@3.9.10: {}
